# This file is automatically @generated by Cargo.
# It is not intended for manual editing.
version = 3

[[package]]
name = "adler"
version = "1.0.2"
source = "registry+https://github.com/rust-lang/crates.io-index"
checksum = "f26201604c87b1e01bd3d98f8d5d9a8fcbb815e8cedb41ffccbeb4bf593a35fe"

[[package]]
name = "adler32"
version = "1.2.0"
source = "registry+https://github.com/rust-lang/crates.io-index"
checksum = "aae1277d39aeec15cb388266ecc24b11c80469deae6067e17a1a7aa9e5c1f234"

[[package]]
name = "ahash"
version = "0.7.6"
source = "registry+https://github.com/rust-lang/crates.io-index"
checksum = "fcb51a0695d8f838b1ee009b3fbf66bda078cd64590202a864a8f3e8c4315c47"
dependencies = [
 "getrandom",
 "once_cell",
 "version_check",
]

[[package]]
name = "aho-corasick"
version = "0.7.20"
source = "registry+https://github.com/rust-lang/crates.io-index"
checksum = "cc936419f96fa211c1b9166887b38e5e40b19958e5b895be7c1f93adec7071ac"
dependencies = [
 "memchr",
]

[[package]]
name = "anyhow"
version = "1.0.69"
source = "registry+https://github.com/rust-lang/crates.io-index"
checksum = "224afbd727c3d6e4b90103ece64b8d1b67fbb1973b1046c2281eed3f3803f800"

[[package]]
name = "approx"
version = "0.3.2"
source = "registry+https://github.com/rust-lang/crates.io-index"
checksum = "f0e60b75072ecd4168020818c0107f2857bb6c4e64252d8d3983f6263b40a5c3"
dependencies = [
 "num-traits",
]

[[package]]
name = "approx"
version = "0.4.0"
source = "registry+https://github.com/rust-lang/crates.io-index"
checksum = "3f2a05fd1bd10b2527e20a2cd32d8873d115b8b39fe219ee25f42a8aca6ba278"
dependencies = [
 "num-traits",
]

[[package]]
name = "armrest"
version = "0.1.0"
source = "git+https://github.com/bkirwi/armrest#04b5b969780448658603f5c2ce63efcb05997ae9"
dependencies = [
 "cgmath",
 "flo_curves",
 "hyphenation",
 "image",
 "itertools 0.10.5",
 "libremarkable",
 "lyon_geom",
 "partial_sort",
 "rusttype",
 "serde",
 "strsim",
 "textwrap 0.13.4",
]

[[package]]
name = "arrayvec"
version = "0.5.2"
source = "registry+https://github.com/rust-lang/crates.io-index"
checksum = "23b62fc65de8e4e7f52534fb52b0f3ed04746ae267519eef2a83941e8085068b"

[[package]]
name = "atomic"
version = "0.5.1"
source = "registry+https://github.com/rust-lang/crates.io-index"
checksum = "b88d82667eca772c4aa12f0f1348b3ae643424c8876448f3f7bd5787032e234c"
dependencies = [
 "autocfg",
]

[[package]]
name = "atty"
version = "0.2.14"
source = "registry+https://github.com/rust-lang/crates.io-index"
checksum = "d9b39be18770d11421cdb1b9947a45dd3f37e93092cbf377614828a319d5fee8"
dependencies = [
 "hermit-abi 0.1.19",
 "libc",
 "winapi",
]

[[package]]
name = "autocfg"
version = "1.1.0"
source = "registry+https://github.com/rust-lang/crates.io-index"
checksum = "d468802bab17cbc0cc575e9b053f41e72aa36bfa6b7f55e3529ffa43161b97fa"

[[package]]
name = "bincode"
version = "1.3.3"
source = "registry+https://github.com/rust-lang/crates.io-index"
checksum = "b1f45e9417d87227c7a56d22e471c6206462cba514c7590c09aff4cf6d1ddcad"
dependencies = [
 "serde",
]

[[package]]
name = "bitflags"
version = "1.3.2"
source = "registry+https://github.com/rust-lang/crates.io-index"
checksum = "bef38d45163c2f1dde094a7dfd33ccf595c92905c8f8f4fdc18d06fb1037718a"

[[package]]
name = "bitvec"
version = "1.0.1"
source = "registry+https://github.com/rust-lang/crates.io-index"
checksum = "1bc2832c24239b0141d5674bb9174f9d68a8b5b3f2753311927c172ca46f7e9c"
dependencies = [
 "funty",
 "radium",
 "tap",
 "wyz",
]

[[package]]
name = "bytemuck"
version = "1.13.1"
source = "registry+https://github.com/rust-lang/crates.io-index"
checksum = "17febce684fd15d89027105661fec94afb475cb995fbc59d2865198446ba2eea"

[[package]]
name = "byteorder"
version = "1.4.3"
source = "registry+https://github.com/rust-lang/crates.io-index"
checksum = "14c189c53d098945499cdfa7ecc63567cf3886b3332b312a5b4585d8d3a6a610"

[[package]]
name = "cc"
version = "1.0.79"
source = "registry+https://github.com/rust-lang/crates.io-index"
checksum = "50d30906286121d95be3d479533b458f87493b30a4b5f79a607db8f5d11aa91f"

[[package]]
name = "cfg-if"
version = "1.0.0"
source = "registry+https://github.com/rust-lang/crates.io-index"
checksum = "baf1de4339761588bc0619e3cbc0120ee582ebb74b53b4efbf79117bd2da40fd"

[[package]]
name = "cgmath"
version = "0.18.0"
source = "registry+https://github.com/rust-lang/crates.io-index"
checksum = "1a98d30140e3296250832bbaaff83b27dcd6fa3cc70fb6f1f3e5c9c0023b5317"
dependencies = [
 "approx 0.4.0",
 "num-traits",
]

[[package]]
name = "clap"
version = "3.2.23"
source = "registry+https://github.com/rust-lang/crates.io-index"
checksum = "71655c45cb9845d3270c9d6df84ebe72b4dad3c2ba3f7023ad47c144e4e473a5"
dependencies = [
 "atty",
 "bitflags",
 "clap_lex",
 "indexmap",
 "strsim",
 "termcolor",
 "textwrap 0.16.0",
]

[[package]]
name = "clap_lex"
version = "0.2.4"
source = "registry+https://github.com/rust-lang/crates.io-index"
checksum = "2850f2f5a82cbf437dd5af4d49848fbdfc27c157c3d010345776f952765261c5"
dependencies = [
 "os_str_bytes",
]

[[package]]
name = "color_quant"
version = "1.1.0"
source = "registry+https://github.com/rust-lang/crates.io-index"
checksum = "3d7b894f5411737b7867f4827955924d7c254fc9f4d91a6aad6b097804b1018b"

[[package]]
name = "crc32fast"
version = "1.3.2"
source = "registry+https://github.com/rust-lang/crates.io-index"
checksum = "b540bd8bc810d3885c6ea91e2018302f68baba2129ab3e88f32389ee9370880d"
dependencies = [
 "cfg-if",
]

[[package]]
name = "crossbeam-channel"
version = "0.5.7"
source = "registry+https://github.com/rust-lang/crates.io-index"
checksum = "cf2b3e8478797446514c91ef04bafcb59faba183e621ad488df88983cc14128c"
dependencies = [
 "cfg-if",
 "crossbeam-utils",
]

[[package]]
name = "crossbeam-deque"
version = "0.8.3"
source = "registry+https://github.com/rust-lang/crates.io-index"
checksum = "ce6fd6f855243022dcecf8702fef0c297d4338e226845fe067f6341ad9fa0cef"
dependencies = [
 "cfg-if",
 "crossbeam-epoch",
 "crossbeam-utils",
]

[[package]]
name = "crossbeam-epoch"
version = "0.9.14"
source = "registry+https://github.com/rust-lang/crates.io-index"
checksum = "46bd5f3f85273295a9d14aedfb86f6aadbff6d8f5295c4a9edb08e819dcf5695"
dependencies = [
 "autocfg",
 "cfg-if",
 "crossbeam-utils",
 "memoffset 0.8.0",
 "scopeguard",
]

[[package]]
name = "crossbeam-utils"
version = "0.8.15"
source = "registry+https://github.com/rust-lang/crates.io-index"
checksum = "3c063cd8cc95f5c377ed0d4b49a4b21f632396ff690e8470c29b3359b346984b"
dependencies = [
 "cfg-if",
]

[[package]]
name = "deflate"
version = "0.8.6"
source = "registry+https://github.com/rust-lang/crates.io-index"
checksum = "73770f8e1fe7d64df17ca66ad28994a0a623ea497fa69486e14984e715c5d174"
dependencies = [
 "adler32",
 "byteorder",
]

[[package]]
name = "dirs"
version = "4.0.0"
source = "registry+https://github.com/rust-lang/crates.io-index"
checksum = "ca3aa72a6f96ea37bbc5aa912f6788242832f75369bdfdadcb0e38423f100059"
dependencies = [
 "dirs-sys",
]

[[package]]
name = "dirs-sys"
version = "0.3.7"
source = "registry+https://github.com/rust-lang/crates.io-index"
checksum = "1b1d1d91c932ef41c0f2663aa8b0ca0342d444d842c06914aa0a7e352d0bada6"
dependencies = [
 "libc",
 "redox_users",
 "winapi",
]

[[package]]
name = "either"
version = "1.8.1"
source = "registry+https://github.com/rust-lang/crates.io-index"
checksum = "7fcaabb2fef8c910e7f4c7ce9f67a1283a1715879a7c230ca9d6d1ae31f16d91"

[[package]]
name = "env_logger"
version = "0.9.3"
source = "registry+https://github.com/rust-lang/crates.io-index"
checksum = "a12e6657c4c97ebab115a42dcee77225f7f482cdd841cf7088c657a42e9e00e7"
dependencies = [
 "atty",
 "humantime",
 "log",
 "regex",
 "termcolor",
]

[[package]]
name = "epoll"
version = "4.3.1"
source = "registry+https://github.com/rust-lang/crates.io-index"
checksum = "20df693c700404f7e19d4d6fae6b15215d2913c27955d2b9d6f2c0f537511cd0"
dependencies = [
 "bitflags",
 "libc",
]

[[package]]
name = "euclid"
version = "0.22.7"
source = "registry+https://github.com/rust-lang/crates.io-index"
checksum = "b52c2ef4a78da0ba68fbe1fd920627411096d2ac478f7f4c9f3a54ba6705bade"
dependencies = [
 "num-traits",
]

[[package]]
name = "evdev"
version = "0.12.1"
source = "registry+https://github.com/rust-lang/crates.io-index"
checksum = "2bed59fcc8cfd6b190814a509018388462d3b203cf6dd10db5c00087e72a83f3"
dependencies = [
 "bitvec",
 "cfg-if",
 "libc",
 "nix",
 "thiserror",
]

[[package]]
name = "flo_curves"
version = "0.4.1"
source = "registry+https://github.com/rust-lang/crates.io-index"
checksum = "bdadd295083d7d5dbdbbe8b930d70cf00ea02dd72c4796afd0ef584f90fc3192"
dependencies = [
 "itertools 0.9.0",
 "roots",
 "smallvec",
]

[[package]]
name = "fst"
version = "0.4.7"
source = "registry+https://github.com/rust-lang/crates.io-index"
checksum = "7ab85b9b05e3978cc9a9cf8fea7f01b494e1a09ed3037e16ba39edc7a29eb61a"

[[package]]
name = "funty"
version = "2.0.0"
source = "registry+https://github.com/rust-lang/crates.io-index"
checksum = "e6d5a32815ae3f33302d95fdcb2ce17862f8c65363dcfd29360480ba1001fc9c"

[[package]]
name = "fxhash"
version = "0.2.1"
source = "registry+https://github.com/rust-lang/crates.io-index"
checksum = "c31b6d751ae2c7f11320402d34e41349dd1016f8d5d45e48c4312bc8625af50c"
dependencies = [
 "byteorder",
]

[[package]]
name = "getrandom"
version = "0.2.8"
source = "registry+https://github.com/rust-lang/crates.io-index"
checksum = "c05aeb6a22b8f62540c194aac980f2115af067bfe15a0734d7277a768d396b31"
dependencies = [
 "cfg-if",
 "libc",
 "wasi",
]

[[package]]
name = "gif"
version = "0.11.4"
source = "registry+https://github.com/rust-lang/crates.io-index"
checksum = "3edd93c6756b4dfaf2709eafcc345ba2636565295c198a9cfbf75fa5e3e00b06"
dependencies = [
 "color_quant",
 "weezl",
]

[[package]]
name = "hashbrown"
version = "0.12.3"
source = "registry+https://github.com/rust-lang/crates.io-index"
checksum = "8a9ee70c43aaf417c914396645a0fa852624801b24ebb7ae78fe8272889ac888"
dependencies = [
 "ahash",
]

[[package]]
name = "hermit-abi"
version = "0.1.19"
source = "registry+https://github.com/rust-lang/crates.io-index"
checksum = "62b467343b94ba476dcb2500d242dadbb39557df889310ac77c5d99100aaac33"
dependencies = [
 "libc",
]

[[package]]
name = "hermit-abi"
version = "0.2.6"
source = "registry+https://github.com/rust-lang/crates.io-index"
checksum = "ee512640fe35acbfb4bb779db6f0d80704c2cacfa2e39b601ef3e3f47d1ae4c7"
dependencies = [
 "libc",
]

[[package]]
name = "humantime"
version = "2.1.0"
source = "registry+https://github.com/rust-lang/crates.io-index"
checksum = "9a3a5bfb195931eeb336b2a7b4d761daec841b97f947d34394601737a7bba5e4"

[[package]]
name = "hyphenation"
version = "0.8.4"
source = "registry+https://github.com/rust-lang/crates.io-index"
checksum = "bcf4dd4c44ae85155502a52c48739c8a48185d1449fff1963cffee63c28a50f0"
dependencies = [
 "bincode",
 "fst",
 "hyphenation_commons",
 "pocket-resources",
 "serde",
]

[[package]]
name = "hyphenation_commons"
version = "0.8.4"
source = "registry+https://github.com/rust-lang/crates.io-index"
checksum = "5febe7a2ade5c7d98eb8b75f946c046b335324b06a14ea0998271504134c05bf"
dependencies = [
 "fst",
 "serde",
]

[[package]]
name = "image"
version = "0.23.14"
source = "registry+https://github.com/rust-lang/crates.io-index"
checksum = "24ffcb7e7244a9bf19d35bf2883b9c080c4ced3c07a9895572178cdb8f13f6a1"
dependencies = [
 "bytemuck",
 "byteorder",
 "color_quant",
 "gif",
 "jpeg-decoder",
 "num-iter",
 "num-rational",
 "num-traits",
 "png",
 "scoped_threadpool",
 "tiff",
]

[[package]]
name = "indexmap"
version = "1.9.2"
source = "registry+https://github.com/rust-lang/crates.io-index"
checksum = "1885e79c1fc4b10f0e172c475f458b7f7b93061064d98c3293e98c5ba0c8b399"
dependencies = [
 "autocfg",
 "hashbrown",
]

[[package]]
name = "ioctl-gen"
version = "0.1.1"
source = "registry+https://github.com/rust-lang/crates.io-index"
checksum = "1745979ddec01f66bfed491fee60958959015239cb9c8878960a18cb73906be7"

[[package]]
name = "itertools"
version = "0.9.0"
source = "registry+https://github.com/rust-lang/crates.io-index"
checksum = "284f18f85651fe11e8a991b2adb42cb078325c996ed026d994719efcfca1d54b"
dependencies = [
 "either",
]

[[package]]
name = "itertools"
version = "0.10.5"
source = "registry+https://github.com/rust-lang/crates.io-index"
checksum = "b0fd2260e829bddf4cb6ea802289de2f86d6a7a690192fbe91b3f46e0f2c8473"
dependencies = [
 "either",
]

[[package]]
name = "itoa"
version = "1.0.6"
source = "registry+https://github.com/rust-lang/crates.io-index"
checksum = "453ad9f582a441959e5f0d088b02ce04cfe8d51a8eaf077f12ac6d3e94164ca6"

[[package]]
name = "jpeg-decoder"
version = "0.1.22"
source = "registry+https://github.com/rust-lang/crates.io-index"
checksum = "229d53d58899083193af11e15917b5640cd40b29ff475a1fe4ef725deb02d0f2"
dependencies = [
 "rayon",
]

[[package]]
name = "libc"
version = "0.2.139"
source = "registry+https://github.com/rust-lang/crates.io-index"
checksum = "201de327520df007757c1f0adce6e827fe8562fbc28bfd9c15571c66ca1f5f79"

[[package]]
name = "libremarkable"
version = "0.6.2"
source = "git+https://github.com/canselcik/libremarkable#52dedd7cedf5a952f926b897182bfca09c0d5a99"
dependencies = [
 "atomic",
 "cgmath",
 "env_logger",
 "epoll",
 "evdev",
 "fxhash",
 "ioctl-gen",
 "libc",
 "line_drawing",
 "log",
 "memmap2",
 "once_cell",
]

[[package]]
name = "line_drawing"
version = "1.0.0"
source = "registry+https://github.com/rust-lang/crates.io-index"
checksum = "3d1478a313008a3e6c8149995e90a99ee9094034b5c5c3da1eeb81183cb61d1d"
dependencies = [
 "num-traits",
]

[[package]]
name = "log"
version = "0.4.17"
source = "registry+https://github.com/rust-lang/crates.io-index"
checksum = "abb12e687cfb44aa40f41fc3978ef76448f9b6038cad6aef4259d3c095a2382e"
dependencies = [
 "cfg-if",
]

[[package]]
name = "lyon_geom"
version = "0.17.7"
source = "registry+https://github.com/rust-lang/crates.io-index"
checksum = "71d89ccbdafd83d259403e22061be27bccc3254bba65cdc5303250c4227c8c8e"
dependencies = [
 "arrayvec",
 "euclid",
 "num-traits",
]

[[package]]
name = "memchr"
version = "2.5.0"
source = "registry+https://github.com/rust-lang/crates.io-index"
checksum = "2dffe52ecf27772e601905b7522cb4ef790d2cc203488bbd0e2fe85fcb74566d"

[[package]]
name = "memmap2"
version = "0.5.10"
source = "registry+https://github.com/rust-lang/crates.io-index"
checksum = "83faa42c0a078c393f6b29d5db232d8be22776a891f8f56e5284faee4a20b327"
dependencies = [
 "libc",
]

[[package]]
name = "memoffset"
version = "0.6.5"
source = "registry+https://github.com/rust-lang/crates.io-index"
checksum = "5aa361d4faea93603064a027415f07bd8e1d5c88c9fbf68bf56a285428fd79ce"
dependencies = [
 "autocfg",
]

[[package]]
name = "memoffset"
version = "0.8.0"
source = "registry+https://github.com/rust-lang/crates.io-index"
checksum = "d61c719bcfbcf5d62b3a09efa6088de8c54bc0bfcd3ea7ae39fcc186108b8de1"
dependencies = [
 "autocfg",
]

[[package]]
name = "miniz_oxide"
version = "0.3.7"
source = "registry+https://github.com/rust-lang/crates.io-index"
checksum = "791daaae1ed6889560f8c4359194f56648355540573244a5448a83ba1ecc7435"
dependencies = [
 "adler32",
]

[[package]]
name = "miniz_oxide"
version = "0.4.4"
source = "registry+https://github.com/rust-lang/crates.io-index"
checksum = "a92518e98c078586bc6c934028adcca4c92a53d6a958196de835170a01d84e4b"
dependencies = [
 "adler",
 "autocfg",
]

[[package]]
name = "nix"
version = "0.23.2"
source = "registry+https://github.com/rust-lang/crates.io-index"
checksum = "8f3790c00a0150112de0f4cd161e3d7fc4b2d8a5542ffc35f099a2562aecb35c"
dependencies = [
 "bitflags",
 "cc",
 "cfg-if",
 "libc",
 "memoffset 0.6.5",
]

[[package]]
name = "num-integer"
version = "0.1.45"
source = "registry+https://github.com/rust-lang/crates.io-index"
checksum = "225d3389fb3509a24c93f5c29eb6bde2586b98d9f016636dff58d7c6f7569cd9"
dependencies = [
 "autocfg",
 "num-traits",
]

[[package]]
name = "num-iter"
version = "0.1.43"
source = "registry+https://github.com/rust-lang/crates.io-index"
checksum = "7d03e6c028c5dc5cac6e2dec0efda81fc887605bb3d884578bb6d6bf7514e252"
dependencies = [
 "autocfg",
 "num-integer",
 "num-traits",
]

[[package]]
name = "num-rational"
version = "0.3.2"
source = "registry+https://github.com/rust-lang/crates.io-index"
checksum = "12ac428b1cb17fce6f731001d307d351ec70a6d202fc2e60f7d4c5e42d8f4f07"
dependencies = [
 "autocfg",
 "num-integer",
 "num-traits",
]

[[package]]
name = "num-traits"
version = "0.2.15"
source = "registry+https://github.com/rust-lang/crates.io-index"
checksum = "578ede34cf02f8924ab9447f50c28075b4d3e5b269972345e7e0372b38c6cdcd"
dependencies = [
 "autocfg",
]

[[package]]
name = "num_cpus"
version = "1.15.0"
source = "registry+https://github.com/rust-lang/crates.io-index"
checksum = "0fac9e2da13b5eb447a6ce3d392f23a29d8694bff781bf03a16cd9ac8697593b"
dependencies = [
 "hermit-abi 0.2.6",
 "libc",
]

[[package]]
name = "once_cell"
version = "1.17.1"
source = "registry+https://github.com/rust-lang/crates.io-index"
checksum = "b7e5500299e16ebb147ae15a00a942af264cf3688f47923b8fc2cd5858f23ad3"

[[package]]
name = "ordered-float"
version = "1.1.1"
source = "registry+https://github.com/rust-lang/crates.io-index"
checksum = "3305af35278dd29f46fcdd139e0b1fbfae2153f0e5928b39b035542dd31e37b7"
dependencies = [
 "num-traits",
]

[[package]]
name = "os_str_bytes"
version = "6.4.1"
source = "registry+https://github.com/rust-lang/crates.io-index"
checksum = "9b7820b9daea5457c9f21c69448905d723fbd21136ccf521748f23fd49e723ee"

[[package]]
name = "partial_sort"
version = "0.1.2"
source = "registry+https://github.com/rust-lang/crates.io-index"
checksum = "00cf940f4ef65cb3c91884b1897d846adbdd54896b2db1936a23e43526b59c91"

[[package]]
name = "png"
version = "0.16.8"
source = "registry+https://github.com/rust-lang/crates.io-index"
checksum = "3c3287920cb847dee3de33d301c463fba14dda99db24214ddf93f83d3021f4c6"
dependencies = [
 "bitflags",
 "crc32fast",
 "deflate",
 "miniz_oxide 0.3.7",
]

[[package]]
name = "pocket-resources"
version = "0.3.2"
source = "registry+https://github.com/rust-lang/crates.io-index"
checksum = "c135f38778ad324d9e9ee68690bac2c1a51f340fdf96ca13e2ab3914eb2e51d8"

[[package]]
name = "proc-macro2"
version = "1.0.51"
source = "registry+https://github.com/rust-lang/crates.io-index"
checksum = "5d727cae5b39d21da60fa540906919ad737832fe0b1c165da3a34d6548c849d6"
dependencies = [
 "unicode-ident",
]

[[package]]
name = "quote"
version = "1.0.23"
source = "registry+https://github.com/rust-lang/crates.io-index"
checksum = "8856d8364d252a14d474036ea1358d63c9e6965c8e5c1885c18f73d70bff9c7b"
dependencies = [
 "proc-macro2",
]

[[package]]
name = "radium"
version = "0.7.0"
source = "registry+https://github.com/rust-lang/crates.io-index"
checksum = "dc33ff2d4973d518d823d61aa239014831e521c75da58e3df4840d3f47749d09"

[[package]]
name = "rayon"
version = "1.7.0"
source = "registry+https://github.com/rust-lang/crates.io-index"
checksum = "1d2df5196e37bcc87abebc0053e20787d73847bb33134a69841207dd0a47f03b"
dependencies = [
 "either",
 "rayon-core",
]

[[package]]
name = "rayon-core"
version = "1.11.0"
source = "registry+https://github.com/rust-lang/crates.io-index"
checksum = "4b8f95bd6966f5c87776639160a66bd8ab9895d9d4ab01ddba9fc60661aebe8d"
dependencies = [
 "crossbeam-channel",
 "crossbeam-deque",
 "crossbeam-utils",
 "num_cpus",
]

[[package]]
name = "redox_syscall"
version = "0.2.16"
source = "registry+https://github.com/rust-lang/crates.io-index"
checksum = "fb5a58c1855b4b6819d59012155603f0b22ad30cad752600aadfcb695265519a"
dependencies = [
 "bitflags",
]

[[package]]
name = "redox_users"
version = "0.4.3"
source = "registry+https://github.com/rust-lang/crates.io-index"
checksum = "b033d837a7cf162d7993aded9304e30a83213c648b6e389db233191f891e5c2b"
dependencies = [
 "getrandom",
 "redox_syscall",
 "thiserror",
]

[[package]]
name = "regex"
version = "1.7.1"
source = "registry+https://github.com/rust-lang/crates.io-index"
checksum = "48aaa5748ba571fb95cd2c85c09f629215d3a6ece942baa100950af03a34f733"
dependencies = [
 "aho-corasick",
 "memchr",
 "regex-syntax",
]

[[package]]
name = "regex-syntax"
version = "0.6.28"
source = "registry+https://github.com/rust-lang/crates.io-index"
checksum = "456c603be3e8d448b072f410900c09faf164fbce2d480456f50eea6e25f9c848"

[[package]]
name = "roots"
version = "0.0.6"
source = "registry+https://github.com/rust-lang/crates.io-index"
checksum = "84348444bd7ad45729d0c49a4240d7cdc11c9d512c06c5ad1835c1ad4acda6db"

[[package]]
name = "rusttype"
version = "0.8.3"
source = "registry+https://github.com/rust-lang/crates.io-index"
checksum = "9f61411055101f7b60ecf1041d87fb74205fb20b0c7a723f07ef39174cf6b4c0"
dependencies = [
 "approx 0.3.2",
 "ordered-float",
 "stb_truetype",
]

[[package]]
name = "ryu"
version = "1.0.13"
source = "registry+https://github.com/rust-lang/crates.io-index"
checksum = "f91339c0467de62360649f8d3e185ca8de4224ff281f66000de5eb2a77a79041"

[[package]]
name = "scoped_threadpool"
version = "0.1.9"
source = "registry+https://github.com/rust-lang/crates.io-index"
checksum = "1d51f5df5af43ab3f1360b429fa5e0152ac5ce8c0bd6485cae490332e96846a8"

[[package]]
name = "scopeguard"
version = "1.1.0"
source = "registry+https://github.com/rust-lang/crates.io-index"
checksum = "d29ab0c6d3fc0ee92fe66e2d99f700eab17a8d57d1c1d3b748380fb20baa78cd"

[[package]]
name = "serde"
version = "1.0.152"
source = "registry+https://github.com/rust-lang/crates.io-index"
checksum = "bb7d1f0d3021d347a83e556fc4683dea2ea09d87bccdf88ff5c12545d89d5efb"
dependencies = [
 "serde_derive",
]

[[package]]
name = "serde_derive"
version = "1.0.152"
source = "registry+https://github.com/rust-lang/crates.io-index"
checksum = "af487d118eecd09402d70a5d72551860e788df87b464af30e5ea6a38c75c541e"
dependencies = [
 "proc-macro2",
 "quote",
 "syn",
]

[[package]]
name = "serde_json"
version = "1.0.94"
source = "registry+https://github.com/rust-lang/crates.io-index"
checksum = "1c533a59c9d8a93a09c6ab31f0fd5e5f4dd1b8fc9434804029839884765d04ea"
dependencies = [
 "itoa",
 "ryu",
 "serde",
]

[[package]]
name = "sill"
version = "0.1.1"
dependencies = [
 "anyhow",
 "armrest",
 "clap",
 "itertools 0.10.5",
 "once_cell",
 "rusttype",
 "serde",
 "serde_json",
 "textwrap 0.15.2",
 "toml",
 "uuid",
 "xdg",
]

[[package]]
name = "smallvec"
version = "1.10.0"
source = "registry+https://github.com/rust-lang/crates.io-index"
checksum = "a507befe795404456341dfab10cef66ead4c041f62b8b11bbb92bffe5d0953e0"

[[package]]
name = "smawk"
version = "0.3.1"
source = "registry+https://github.com/rust-lang/crates.io-index"
checksum = "f67ad224767faa3c7d8b6d91985b78e70a1324408abcb1cfcc2be4c06bc06043"

[[package]]
name = "stb_truetype"
version = "0.3.1"
source = "registry+https://github.com/rust-lang/crates.io-index"
checksum = "f77b6b07e862c66a9f3e62a07588fee67cd90a9135a2b942409f195507b4fb51"
dependencies = [
 "byteorder",
]

[[package]]
name = "strsim"
version = "0.10.0"
source = "registry+https://github.com/rust-lang/crates.io-index"
checksum = "73473c0e59e6d5812c5dfe2a064a6444949f089e20eec9a2e5506596494e4623"

[[package]]
name = "syn"
version = "1.0.109"
source = "registry+https://github.com/rust-lang/crates.io-index"
checksum = "72b64191b275b66ffe2469e8af2c1cfe3bafa67b529ead792a6d0160888b4237"
dependencies = [
 "proc-macro2",
 "quote",
 "unicode-ident",
]

[[package]]
name = "tap"
version = "1.0.1"
source = "registry+https://github.com/rust-lang/crates.io-index"
checksum = "55937e1799185b12863d447f42597ed69d9928686b8d88a1df17376a097d8369"

[[package]]
name = "termcolor"
version = "1.2.0"
source = "registry+https://github.com/rust-lang/crates.io-index"
checksum = "be55cf8942feac5c765c2c993422806843c9a9a45d4d5c407ad6dd2ea95eb9b6"
dependencies = [
 "winapi-util",
]

[[package]]
name = "textwrap"
version = "0.13.4"
source = "registry+https://github.com/rust-lang/crates.io-index"
checksum = "cd05616119e612a8041ef58f2b578906cc2531a6069047ae092cfb86a325d835"
dependencies = [
 "smawk",
 "unicode-width",
]

[[package]]
name = "textwrap"
version = "0.15.2"
source = "registry+https://github.com/rust-lang/crates.io-index"
checksum = "b7b3e525a49ec206798b40326a44121291b530c963cfb01018f63e135bac543d"
dependencies = [
 "smawk",
 "unicode-linebreak",
 "unicode-width",
]

[[package]]
name = "textwrap"
version = "0.16.0"
source = "registry+https://github.com/rust-lang/crates.io-index"
checksum = "222a222a5bfe1bba4a77b45ec488a741b3cb8872e5e499451fd7d0129c9c7c3d"

[[package]]
name = "thiserror"
version = "1.0.38"
source = "registry+https://github.com/rust-lang/crates.io-index"
checksum = "6a9cd18aa97d5c45c6603caea1da6628790b37f7a34b6ca89522331c5180fed0"
dependencies = [
 "thiserror-impl",
]

[[package]]
name = "thiserror-impl"
version = "1.0.38"
source = "registry+https://github.com/rust-lang/crates.io-index"
checksum = "1fb327af4685e4d03fa8cbcf1716380da910eeb2bb8be417e7f9fd3fb164f36f"
dependencies = [
 "proc-macro2",
 "quote",
 "syn",
]

[[package]]
name = "tiff"
version = "0.6.1"
source = "registry+https://github.com/rust-lang/crates.io-index"
checksum = "9a53f4706d65497df0c4349241deddf35f84cee19c87ed86ea8ca590f4464437"
dependencies = [
 "jpeg-decoder",
 "miniz_oxide 0.4.4",
 "weezl",
]

[[package]]
name = "toml"
version = "0.5.11"
source = "registry+https://github.com/rust-lang/crates.io-index"
checksum = "f4f7f0dd8d50a853a531c426359045b1998f04219d88799810762cd4ad314234"
dependencies = [
 "serde",
]

[[package]]
name = "unicode-ident"
version = "1.0.7"
source = "registry+https://github.com/rust-lang/crates.io-index"
checksum = "775c11906edafc97bc378816b94585fbd9a054eabaf86fdd0ced94af449efab7"

[[package]]
name = "unicode-linebreak"
version = "0.1.4"
source = "registry+https://github.com/rust-lang/crates.io-index"
checksum = "c5faade31a542b8b35855fff6e8def199853b2da8da256da52f52f1316ee3137"
dependencies = [
 "hashbrown",
 "regex",
]

[[package]]
name = "unicode-width"
version = "0.1.10"
source = "registry+https://github.com/rust-lang/crates.io-index"
checksum = "c0edd1e5b14653f783770bce4a4dabb4a5108a5370a5f5d8cfe8710c361f6c8b"

[[package]]
name = "uuid"
version = "0.8.2"
source = "registry+https://github.com/rust-lang/crates.io-index"
checksum = "bc5cf98d8186244414c848017f0e2676b3fcb46807f6668a97dfe67359a3c4b7"
dependencies = [
 "getrandom",
]

[[package]]
name = "version_check"
version = "0.9.4"
source = "registry+https://github.com/rust-lang/crates.io-index"
checksum = "49874b5167b65d7193b8aba1567f5c7d93d001cafc34600cee003eda787e483f"

[[package]]
name = "wasi"
version = "0.11.0+wasi-snapshot-preview1"
source = "registry+https://github.com/rust-lang/crates.io-index"
checksum = "9c8d87e72b64a3b4db28d11ce29237c246188f4f51057d65a7eab63b7987e423"

[[package]]
name = "weezl"
version = "0.1.7"
source = "registry+https://github.com/rust-lang/crates.io-index"
checksum = "9193164d4de03a926d909d3bc7c30543cecb35400c02114792c2cae20d5e2dbb"

[[package]]
name = "winapi"
version = "0.3.9"
source = "registry+https://github.com/rust-lang/crates.io-index"
checksum = "5c839a674fcd7a98952e593242ea400abe93992746761e38641405d28b00f419"
dependencies = [
 "winapi-i686-pc-windows-gnu",
 "winapi-x86_64-pc-windows-gnu",
]

[[package]]
name = "winapi-i686-pc-windows-gnu"
version = "0.4.0"
source = "registry+https://github.com/rust-lang/crates.io-index"
checksum = "ac3b87c63620426dd9b991e5ce0329eff545bccbbb34f3be09ff6fb6ab51b7b6"

[[package]]
name = "winapi-util"
version = "0.1.5"
source = "registry+https://github.com/rust-lang/crates.io-index"
checksum = "70ec6ce85bb158151cae5e5c87f95a8e97d2c0c4b001223f33a334e3ce5de178"
dependencies = [
 "winapi",
]

[[package]]
name = "winapi-x86_64-pc-windows-gnu"
version = "0.4.0"
source = "registry+https://github.com/rust-lang/crates.io-index"
checksum = "712e227841d057c1ee1cd2fb22fa7e5a5461ae8e48fa2ca79ec42cfc1931183f"

[[package]]
name = "wyz"
version = "0.5.1"
source = "registry+https://github.com/rust-lang/crates.io-index"
checksum = "05f360fc0b24296329c78fda852a1e9ae82de9cf7b27dae4b7f62f118f77b9ed"
dependencies = [
 "tap",
]

[[package]]
name = "xdg"
version = "2.4.1"
source = "registry+https://github.com/rust-lang/crates.io-index"
checksum = "0c4583db5cbd4c4c0303df2d15af80f0539db703fa1c68802d4cbbd2dd0f88f6"
dependencies = [
 "dirs",
]
