# This file is automatically @generated by Cargo.
# It is not intended for manual editing.
version = 3

[[package]]
name = "adler"
version = "1.0.2"
source = "registry+https://github.com/rust-lang/crates.io-index"
checksum = "f26201604c87b1e01bd3d98f8d5d9a8fcbb815e8cedb41ffccbeb4bf593a35fe"

[[package]]
name = "adler32"
version = "1.2.0"
source = "registry+https://github.com/rust-lang/crates.io-index"
checksum = "aae1277d39aeec15cb388266ecc24b11c80469deae6067e17a1a7aa9e5c1f234"

[[package]]
name = "aho-corasick"
version = "1.1.2"
source = "registry+https://github.com/rust-lang/crates.io-index"
checksum = "b2969dcb958b36655471fc61f7e416fa76033bdd4bfed0678d8fee1e2d07a1f0"
dependencies = [
 "memchr",
]

[[package]]
name = "anyhow"
version = "1.0.79"
source = "registry+https://github.com/rust-lang/crates.io-index"
checksum = "080e9890a082662b09c1ad45f567faeeb47f22b5fb23895fbe1e651e718e25ca"

[[package]]
name = "approx"
version = "0.3.2"
source = "registry+https://github.com/rust-lang/crates.io-index"
checksum = "f0e60b75072ecd4168020818c0107f2857bb6c4e64252d8d3983f6263b40a5c3"
dependencies = [
 "num-traits",
]

[[package]]
name = "approx"
version = "0.4.0"
source = "registry+https://github.com/rust-lang/crates.io-index"
checksum = "3f2a05fd1bd10b2527e20a2cd32d8873d115b8b39fe219ee25f42a8aca6ba278"
dependencies = [
 "num-traits",
]

[[package]]
name = "armrest"
version = "0.1.0"
source = "git+https://github.com/bkirwi/armrest#04b5b969780448658603f5c2ce63efcb05997ae9"
dependencies = [
 "cgmath",
 "flo_curves",
 "hyphenation",
 "image",
 "itertools 0.10.5",
 "libremarkable",
 "lyon_geom",
 "partial_sort",
 "rusttype",
 "serde",
 "strsim",
 "textwrap 0.13.4",
]

[[package]]
name = "arrayvec"
version = "0.5.2"
source = "registry+https://github.com/rust-lang/crates.io-index"
checksum = "23b62fc65de8e4e7f52534fb52b0f3ed04746ae267519eef2a83941e8085068b"

[[package]]
name = "atomic"
version = "0.5.3"
source = "registry+https://github.com/rust-lang/crates.io-index"
checksum = "c59bdb34bc650a32731b31bd8f0829cc15d24a708ee31559e0bb34f2bc320cba"

[[package]]
name = "atty"
version = "0.2.14"
source = "registry+https://github.com/rust-lang/crates.io-index"
checksum = "d9b39be18770d11421cdb1b9947a45dd3f37e93092cbf377614828a319d5fee8"
dependencies = [
 "hermit-abi 0.1.19",
 "libc",
 "winapi",
]

[[package]]
name = "autocfg"
version = "1.1.0"
source = "registry+https://github.com/rust-lang/crates.io-index"
checksum = "d468802bab17cbc0cc575e9b053f41e72aa36bfa6b7f55e3529ffa43161b97fa"

[[package]]
name = "bincode"
version = "1.3.3"
source = "registry+https://github.com/rust-lang/crates.io-index"
checksum = "b1f45e9417d87227c7a56d22e471c6206462cba514c7590c09aff4cf6d1ddcad"
dependencies = [
 "serde",
]

[[package]]
name = "bitflags"
version = "1.3.2"
source = "registry+https://github.com/rust-lang/crates.io-index"
checksum = "bef38d45163c2f1dde094a7dfd33ccf595c92905c8f8f4fdc18d06fb1037718a"

[[package]]
name = "bitflags"
version = "2.4.2"
source = "registry+https://github.com/rust-lang/crates.io-index"
checksum = "ed570934406eb16438a4e976b1b4500774099c13b8cb96eec99f620f05090ddf"

[[package]]
name = "bitvec"
version = "1.0.1"
source = "registry+https://github.com/rust-lang/crates.io-index"
checksum = "1bc2832c24239b0141d5674bb9174f9d68a8b5b3f2753311927c172ca46f7e9c"
dependencies = [
 "funty",
 "radium",
 "tap",
 "wyz",
]

[[package]]
name = "bytemuck"
version = "1.14.0"
source = "registry+https://github.com/rust-lang/crates.io-index"
checksum = "374d28ec25809ee0e23827c2ab573d729e293f281dfe393500e7ad618baa61c6"

[[package]]
name = "byteorder"
version = "1.5.0"
source = "registry+https://github.com/rust-lang/crates.io-index"
checksum = "1fd0f2584146f6f2ef48085050886acf353beff7305ebd1ae69500e27c67f64b"

[[package]]
name = "cc"
version = "1.0.83"
source = "registry+https://github.com/rust-lang/crates.io-index"
checksum = "f1174fb0b6ec23863f8b971027804a42614e347eafb0a95bf0b12cdae21fc4d0"
dependencies = [
 "libc",
]

[[package]]
name = "cfg-if"
version = "1.0.0"
source = "registry+https://github.com/rust-lang/crates.io-index"
checksum = "baf1de4339761588bc0619e3cbc0120ee582ebb74b53b4efbf79117bd2da40fd"

[[package]]
name = "cgmath"
version = "0.18.0"
source = "registry+https://github.com/rust-lang/crates.io-index"
checksum = "1a98d30140e3296250832bbaaff83b27dcd6fa3cc70fb6f1f3e5c9c0023b5317"
dependencies = [
 "approx 0.4.0",
 "num-traits",
]

[[package]]
name = "clap"
version = "3.2.25"
source = "registry+https://github.com/rust-lang/crates.io-index"
checksum = "4ea181bf566f71cb9a5d17a59e1871af638180a18fb0035c92ae62b705207123"
dependencies = [
 "atty",
 "bitflags 1.3.2",
 "clap_lex",
 "indexmap",
 "strsim",
 "termcolor",
 "textwrap 0.16.0",
]

[[package]]
name = "clap_lex"
version = "0.2.4"
source = "registry+https://github.com/rust-lang/crates.io-index"
checksum = "2850f2f5a82cbf437dd5af4d49848fbdfc27c157c3d010345776f952765261c5"
dependencies = [
 "os_str_bytes",
]

[[package]]
name = "color_quant"
version = "1.1.0"
source = "registry+https://github.com/rust-lang/crates.io-index"
checksum = "3d7b894f5411737b7867f4827955924d7c254fc9f4d91a6aad6b097804b1018b"

[[package]]
name = "core-foundation"
version = "0.9.4"
source = "registry+https://github.com/rust-lang/crates.io-index"
checksum = "91e195e091a93c46f7102ec7818a2aa394e1e1771c3ab4825963fa03e45afb8f"
dependencies = [
 "core-foundation-sys",
 "libc",
]

[[package]]
name = "core-foundation-sys"
version = "0.8.6"
source = "registry+https://github.com/rust-lang/crates.io-index"
checksum = "06ea2b9bc92be3c2baa9334a323ebca2d6f074ff852cd1d7b11064035cd3868f"

[[package]]
name = "core-graphics"
version = "0.22.3"
source = "registry+https://github.com/rust-lang/crates.io-index"
checksum = "2581bbab3b8ffc6fcbd550bf46c355135d16e9ff2a6ea032ad6b9bf1d7efe4fb"
dependencies = [
 "bitflags 1.3.2",
 "core-foundation",
 "core-graphics-types",
 "foreign-types",
 "libc",
]

[[package]]
name = "core-graphics-types"
version = "0.1.3"
source = "registry+https://github.com/rust-lang/crates.io-index"
checksum = "45390e6114f68f718cc7a830514a96f903cccd70d02a8f6d9f643ac4ba45afaf"
dependencies = [
 "bitflags 1.3.2",
 "core-foundation",
 "libc",
]

[[package]]
name = "core-text"
version = "19.2.0"
source = "registry+https://github.com/rust-lang/crates.io-index"
checksum = "99d74ada66e07c1cefa18f8abfba765b486f250de2e4a999e5727fc0dd4b4a25"
dependencies = [
 "core-foundation",
 "core-graphics",
 "foreign-types",
 "libc",
]

[[package]]
name = "crc32fast"
version = "1.3.2"
source = "registry+https://github.com/rust-lang/crates.io-index"
checksum = "b540bd8bc810d3885c6ea91e2018302f68baba2129ab3e88f32389ee9370880d"
dependencies = [
 "cfg-if",
]

[[package]]
name = "crossbeam-deque"
version = "0.8.5"
source = "registry+https://github.com/rust-lang/crates.io-index"
checksum = "613f8cc01fe9cf1a3eb3d7f488fd2fa8388403e97039e2f73692932e291a770d"
dependencies = [
 "crossbeam-epoch",
 "crossbeam-utils",
]

[[package]]
name = "crossbeam-epoch"
version = "0.9.18"
source = "registry+https://github.com/rust-lang/crates.io-index"
checksum = "5b82ac4a3c2ca9c3460964f020e1402edd5753411d7737aa39c3714ad1b5420e"
dependencies = [
 "crossbeam-utils",
]

[[package]]
name = "crossbeam-utils"
version = "0.8.19"
source = "registry+https://github.com/rust-lang/crates.io-index"
checksum = "248e3bacc7dc6baa3b21e405ee045c3047101a49145e7e9eca583ab4c2ca5345"

[[package]]
name = "cstr"
version = "0.2.11"
source = "registry+https://github.com/rust-lang/crates.io-index"
checksum = "8aa998c33a6d3271e3678950a22134cd7dd27cef86dee1b611b5b14207d1d90b"
dependencies = [
 "proc-macro2",
 "quote",
]

[[package]]
name = "deflate"
version = "0.8.6"
source = "registry+https://github.com/rust-lang/crates.io-index"
checksum = "73770f8e1fe7d64df17ca66ad28994a0a623ea497fa69486e14984e715c5d174"
dependencies = [
 "adler32",
 "byteorder",
]

[[package]]
name = "dirs-next"
version = "2.0.0"
source = "registry+https://github.com/rust-lang/crates.io-index"
checksum = "b98cf8ebf19c3d1b223e151f99a4f9f0690dca41414773390fc824184ac833e1"
dependencies = [
 "cfg-if",
 "dirs-sys-next",
]

[[package]]
name = "dirs-sys-next"
version = "0.1.2"
source = "registry+https://github.com/rust-lang/crates.io-index"
checksum = "4ebda144c4fe02d1f7ea1a7d9641b6fc6b580adcfa024ae48797ecdeb6825b4d"
dependencies = [
 "libc",
 "redox_users",
 "winapi",
]

[[package]]
name = "dlib"
version = "0.5.2"
source = "registry+https://github.com/rust-lang/crates.io-index"
checksum = "330c60081dcc4c72131f8eb70510f1ac07223e5d4163db481a04a0befcffa412"
dependencies = [
 "libloading",
]

[[package]]
name = "dwrote"
version = "0.11.0"
source = "registry+https://github.com/rust-lang/crates.io-index"
checksum = "439a1c2ba5611ad3ed731280541d36d2e9c4ac5e7fb818a27b604bdc5a6aa65b"
dependencies = [
 "lazy_static",
 "libc",
 "winapi",
 "wio",
]

[[package]]
name = "either"
version = "1.9.0"
source = "registry+https://github.com/rust-lang/crates.io-index"
checksum = "a26ae43d7bcc3b814de94796a5e736d4029efb0ee900c12e2d54c993ad1a1e07"

[[package]]
name = "env_logger"
version = "0.10.1"
source = "registry+https://github.com/rust-lang/crates.io-index"
checksum = "95b3f3e67048839cb0d0781f445682a35113da7121f7c949db0e2be96a4fbece"
dependencies = [
 "humantime",
 "is-terminal",
 "log",
 "regex",
 "termcolor",
]

[[package]]
name = "epoll"
version = "4.3.3"
source = "registry+https://github.com/rust-lang/crates.io-index"
checksum = "74351c3392ea1ff6cd2628e0042d268ac2371cb613252ff383b6dfa50d22fa79"
dependencies = [
 "bitflags 2.4.2",
 "libc",
]

[[package]]
name = "errno"
version = "0.3.8"
source = "registry+https://github.com/rust-lang/crates.io-index"
checksum = "a258e46cdc063eb8519c00b9fc845fc47bcfca4130e2f08e88665ceda8474245"
dependencies = [
 "libc",
 "windows-sys 0.52.0",
]

[[package]]
name = "euclid"
version = "0.22.9"
source = "registry+https://github.com/rust-lang/crates.io-index"
checksum = "87f253bc5c813ca05792837a0ff4b3a580336b224512d48f7eda1d7dd9210787"
dependencies = [
 "num-traits",
]

[[package]]
name = "evdev"
version = "0.12.1"
source = "registry+https://github.com/rust-lang/crates.io-index"
checksum = "2bed59fcc8cfd6b190814a509018388462d3b203cf6dd10db5c00087e72a83f3"
dependencies = [
 "bitvec",
 "cfg-if",
 "libc",
 "nix",
 "thiserror",
]

[[package]]
name = "flo_curves"
version = "0.4.1"
source = "registry+https://github.com/rust-lang/crates.io-index"
checksum = "bdadd295083d7d5dbdbbe8b930d70cf00ea02dd72c4796afd0ef584f90fc3192"
dependencies = [
 "itertools 0.9.0",
 "roots",
 "smallvec",
]

[[package]]
name = "float-ord"
version = "0.3.2"
source = "registry+https://github.com/rust-lang/crates.io-index"
checksum = "8ce81f49ae8a0482e4c55ea62ebbd7e5a686af544c00b9d090bba3ff9be97b3d"

[[package]]
name = "font-kit"
version = "0.12.0"
source = "registry+https://github.com/rust-lang/crates.io-index"
checksum = "b0504fc23a34d36352540ae5eedcec2623c86607a4efe25494ca9641845c5a50"
dependencies = [
 "bitflags 2.4.2",
 "byteorder",
 "core-foundation",
 "core-graphics",
 "core-text",
 "dirs-next",
 "dwrote",
 "float-ord",
 "freetype",
 "lazy_static",
 "libc",
 "log",
 "pathfinder_geometry",
 "pathfinder_simd",
 "walkdir",
 "winapi",
 "yeslogic-fontconfig-sys",
]

[[package]]
name = "foreign-types"
version = "0.3.2"
source = "registry+https://github.com/rust-lang/crates.io-index"
checksum = "f6f339eb8adc052cd2ca78910fda869aefa38d22d5cb648e6485e4d3fc06f3b1"
dependencies = [
 "foreign-types-shared",
]

[[package]]
name = "foreign-types-shared"
version = "0.1.1"
source = "registry+https://github.com/rust-lang/crates.io-index"
checksum = "00b0228411908ca8685dba7fc2cdd70ec9990a6e753e89b6ac91a84c40fbaf4b"

[[package]]
name = "freetype"
version = "0.7.1"
source = "registry+https://github.com/rust-lang/crates.io-index"
checksum = "efc8599a3078adf8edeb86c71e9f8fa7d88af5ca31e806a867756081f90f5d83"
dependencies = [
 "freetype-sys",
 "libc",
]

[[package]]
name = "freetype-sys"
version = "0.19.0"
source = "registry+https://github.com/rust-lang/crates.io-index"
checksum = "66ee28c39a43d89fbed8b4798fb4ba56722cfd2b5af81f9326c27614ba88ecd5"
dependencies = [
 "cc",
 "libc",
 "pkg-config",
]

[[package]]
name = "fst"
version = "0.4.7"
source = "registry+https://github.com/rust-lang/crates.io-index"
checksum = "7ab85b9b05e3978cc9a9cf8fea7f01b494e1a09ed3037e16ba39edc7a29eb61a"

[[package]]
name = "funty"
version = "2.0.0"
source = "registry+https://github.com/rust-lang/crates.io-index"
checksum = "e6d5a32815ae3f33302d95fdcb2ce17862f8c65363dcfd29360480ba1001fc9c"

[[package]]
name = "fxhash"
version = "0.2.1"
source = "registry+https://github.com/rust-lang/crates.io-index"
checksum = "c31b6d751ae2c7f11320402d34e41349dd1016f8d5d45e48c4312bc8625af50c"
dependencies = [
 "byteorder",
]

[[package]]
name = "getrandom"
version = "0.2.12"
source = "registry+https://github.com/rust-lang/crates.io-index"
checksum = "190092ea657667030ac6a35e305e62fc4dd69fd98ac98631e5d3a2b1575a12b5"
dependencies = [
 "cfg-if",
 "libc",
 "wasi",
]

[[package]]
name = "gif"
version = "0.11.4"
source = "registry+https://github.com/rust-lang/crates.io-index"
checksum = "3edd93c6756b4dfaf2709eafcc345ba2636565295c198a9cfbf75fa5e3e00b06"
dependencies = [
 "color_quant",
 "weezl",
]

[[package]]
name = "hashbrown"
version = "0.12.3"
source = "registry+https://github.com/rust-lang/crates.io-index"
checksum = "8a9ee70c43aaf417c914396645a0fa852624801b24ebb7ae78fe8272889ac888"

[[package]]
name = "hermit-abi"
version = "0.1.19"
source = "registry+https://github.com/rust-lang/crates.io-index"
checksum = "62b467343b94ba476dcb2500d242dadbb39557df889310ac77c5d99100aaac33"
dependencies = [
 "libc",
]

[[package]]
name = "hermit-abi"
version = "0.3.3"
source = "registry+https://github.com/rust-lang/crates.io-index"
checksum = "d77f7ec81a6d05a3abb01ab6eb7590f6083d08449fe5a1c8b1e620283546ccb7"

[[package]]
name = "humantime"
version = "2.1.0"
source = "registry+https://github.com/rust-lang/crates.io-index"
checksum = "9a3a5bfb195931eeb336b2a7b4d761daec841b97f947d34394601737a7bba5e4"

[[package]]
name = "hyphenation"
version = "0.8.4"
source = "registry+https://github.com/rust-lang/crates.io-index"
checksum = "bcf4dd4c44ae85155502a52c48739c8a48185d1449fff1963cffee63c28a50f0"
dependencies = [
 "bincode",
 "fst",
 "hyphenation_commons",
 "pocket-resources",
 "serde",
]

[[package]]
name = "hyphenation_commons"
version = "0.8.4"
source = "registry+https://github.com/rust-lang/crates.io-index"
checksum = "5febe7a2ade5c7d98eb8b75f946c046b335324b06a14ea0998271504134c05bf"
dependencies = [
 "fst",
 "serde",
]

[[package]]
name = "image"
version = "0.23.14"
source = "registry+https://github.com/rust-lang/crates.io-index"
checksum = "24ffcb7e7244a9bf19d35bf2883b9c080c4ced3c07a9895572178cdb8f13f6a1"
dependencies = [
 "bytemuck",
 "byteorder",
 "color_quant",
 "gif",
 "jpeg-decoder",
 "num-iter",
 "num-rational",
 "num-traits",
 "png",
 "scoped_threadpool",
 "tiff",
]

[[package]]
name = "indexmap"
version = "1.9.3"
source = "registry+https://github.com/rust-lang/crates.io-index"
checksum = "bd070e393353796e801d209ad339e89596eb4c8d430d18ede6a1cced8fafbd99"
dependencies = [
 "autocfg",
 "hashbrown",
]

[[package]]
name = "ioctl-gen"
version = "0.1.1"
source = "registry+https://github.com/rust-lang/crates.io-index"
checksum = "1745979ddec01f66bfed491fee60958959015239cb9c8878960a18cb73906be7"

[[package]]
name = "is-terminal"
version = "0.4.10"
source = "registry+https://github.com/rust-lang/crates.io-index"
checksum = "0bad00257d07be169d870ab665980b06cdb366d792ad690bf2e76876dc503455"
dependencies = [
 "hermit-abi 0.3.3",
 "rustix",
 "windows-sys 0.52.0",
]

[[package]]
name = "itertools"
version = "0.9.0"
source = "registry+https://github.com/rust-lang/crates.io-index"
checksum = "284f18f85651fe11e8a991b2adb42cb078325c996ed026d994719efcfca1d54b"
dependencies = [
 "either",
]

[[package]]
name = "itertools"
version = "0.10.5"
source = "registry+https://github.com/rust-lang/crates.io-index"
checksum = "b0fd2260e829bddf4cb6ea802289de2f86d6a7a690192fbe91b3f46e0f2c8473"
dependencies = [
 "either",
]

[[package]]
name = "itoa"
version = "1.0.10"
source = "registry+https://github.com/rust-lang/crates.io-index"
checksum = "b1a46d1a171d865aa5f83f92695765caa047a9b4cbae2cbf37dbd613a793fd4c"

[[package]]
name = "jpeg-decoder"
version = "0.1.22"
source = "registry+https://github.com/rust-lang/crates.io-index"
checksum = "229d53d58899083193af11e15917b5640cd40b29ff475a1fe4ef725deb02d0f2"
dependencies = [
 "rayon",
]

[[package]]
name = "lazy_static"
version = "1.4.0"
source = "registry+https://github.com/rust-lang/crates.io-index"
checksum = "e2abad23fbc42b3700f2f279844dc832adb2b2eb069b2df918f455c4e18cc646"

[[package]]
name = "libc"
version = "0.2.152"
source = "registry+https://github.com/rust-lang/crates.io-index"
checksum = "13e3bf6590cbc649f4d1a3eefc9d5d6eb746f5200ffb04e5e142700b8faa56e7"

[[package]]
name = "libloading"
version = "0.8.1"
source = "registry+https://github.com/rust-lang/crates.io-index"
checksum = "c571b676ddfc9a8c12f1f3d3085a7b163966a8fd8098a90640953ce5f6170161"
dependencies = [
 "cfg-if",
 "windows-sys 0.48.0",
]

[[package]]
name = "libredox"
version = "0.0.1"
source = "registry+https://github.com/rust-lang/crates.io-index"
checksum = "85c833ca1e66078851dba29046874e38f08b2c883700aa29a03ddd3b23814ee8"
dependencies = [
 "bitflags 2.4.2",
 "libc",
 "redox_syscall",
]

[[package]]
name = "libremarkable"
version = "0.6.2"
source = "git+https://github.com/canselcik/libremarkable#f0d6240a77a111641c5cfa0a3023041c69478d55"
dependencies = [
 "atomic",
 "cgmath",
 "env_logger",
 "epoll",
 "evdev",
 "fxhash",
 "ioctl-gen",
 "libc",
 "line_drawing",
 "log",
 "memmap2",
 "once_cell",
]

[[package]]
name = "line_drawing"
version = "1.0.0"
source = "registry+https://github.com/rust-lang/crates.io-index"
checksum = "3d1478a313008a3e6c8149995e90a99ee9094034b5c5c3da1eeb81183cb61d1d"
dependencies = [
 "num-traits",
]

[[package]]
name = "linux-raw-sys"
version = "0.4.13"
source = "registry+https://github.com/rust-lang/crates.io-index"
checksum = "01cda141df6706de531b6c46c3a33ecca755538219bd484262fa09410c13539c"

[[package]]
name = "log"
version = "0.4.20"
source = "registry+https://github.com/rust-lang/crates.io-index"
checksum = "b5e6163cb8c49088c2c36f57875e58ccd8c87c7427f7fbd50ea6710b2f3f2e8f"

[[package]]
name = "lyon_geom"
version = "0.17.7"
source = "registry+https://github.com/rust-lang/crates.io-index"
checksum = "71d89ccbdafd83d259403e22061be27bccc3254bba65cdc5303250c4227c8c8e"
dependencies = [
 "arrayvec",
 "euclid",
 "num-traits",
]

[[package]]
name = "memchr"
version = "2.7.1"
source = "registry+https://github.com/rust-lang/crates.io-index"
checksum = "523dc4f511e55ab87b694dc30d0f820d60906ef06413f93d4d7a1385599cc149"

[[package]]
name = "memmap2"
version = "0.5.10"
source = "registry+https://github.com/rust-lang/crates.io-index"
checksum = "83faa42c0a078c393f6b29d5db232d8be22776a891f8f56e5284faee4a20b327"
dependencies = [
 "libc",
]

[[package]]
name = "memoffset"
version = "0.6.5"
source = "registry+https://github.com/rust-lang/crates.io-index"
checksum = "5aa361d4faea93603064a027415f07bd8e1d5c88c9fbf68bf56a285428fd79ce"
dependencies = [
 "autocfg",
]

[[package]]
name = "miniz_oxide"
version = "0.3.7"
source = "registry+https://github.com/rust-lang/crates.io-index"
checksum = "791daaae1ed6889560f8c4359194f56648355540573244a5448a83ba1ecc7435"
dependencies = [
 "adler32",
]

[[package]]
name = "miniz_oxide"
version = "0.4.4"
source = "registry+https://github.com/rust-lang/crates.io-index"
checksum = "a92518e98c078586bc6c934028adcca4c92a53d6a958196de835170a01d84e4b"
dependencies = [
 "adler",
 "autocfg",
]

[[package]]
name = "nix"
version = "0.23.2"
source = "registry+https://github.com/rust-lang/crates.io-index"
checksum = "8f3790c00a0150112de0f4cd161e3d7fc4b2d8a5542ffc35f099a2562aecb35c"
dependencies = [
 "bitflags 1.3.2",
 "cc",
 "cfg-if",
 "libc",
 "memoffset",
]

[[package]]
name = "num-integer"
version = "0.1.45"
source = "registry+https://github.com/rust-lang/crates.io-index"
checksum = "225d3389fb3509a24c93f5c29eb6bde2586b98d9f016636dff58d7c6f7569cd9"
dependencies = [
 "autocfg",
 "num-traits",
]

[[package]]
name = "num-iter"
version = "0.1.43"
source = "registry+https://github.com/rust-lang/crates.io-index"
checksum = "7d03e6c028c5dc5cac6e2dec0efda81fc887605bb3d884578bb6d6bf7514e252"
dependencies = [
 "autocfg",
 "num-integer",
 "num-traits",
]

[[package]]
name = "num-rational"
version = "0.3.2"
source = "registry+https://github.com/rust-lang/crates.io-index"
checksum = "12ac428b1cb17fce6f731001d307d351ec70a6d202fc2e60f7d4c5e42d8f4f07"
dependencies = [
 "autocfg",
 "num-integer",
 "num-traits",
]

[[package]]
name = "num-traits"
version = "0.2.17"
source = "registry+https://github.com/rust-lang/crates.io-index"
checksum = "39e3200413f237f41ab11ad6d161bc7239c84dcb631773ccd7de3dfe4b5c267c"
dependencies = [
 "autocfg",
]

[[package]]
name = "once_cell"
version = "1.19.0"
source = "registry+https://github.com/rust-lang/crates.io-index"
checksum = "3fdb12b2476b595f9358c5161aa467c2438859caa136dec86c26fdd2efe17b92"

[[package]]
name = "ordered-float"
version = "1.1.1"
source = "registry+https://github.com/rust-lang/crates.io-index"
checksum = "3305af35278dd29f46fcdd139e0b1fbfae2153f0e5928b39b035542dd31e37b7"
dependencies = [
 "num-traits",
]

[[package]]
name = "os_str_bytes"
version = "6.6.1"
source = "registry+https://github.com/rust-lang/crates.io-index"
checksum = "e2355d85b9a3786f481747ced0e0ff2ba35213a1f9bd406ed906554d7af805a1"

[[package]]
name = "partial_sort"
version = "0.1.2"
source = "registry+https://github.com/rust-lang/crates.io-index"
checksum = "00cf940f4ef65cb3c91884b1897d846adbdd54896b2db1936a23e43526b59c91"

[[package]]
name = "pathfinder_geometry"
version = "0.5.1"
source = "registry+https://github.com/rust-lang/crates.io-index"
checksum = "0b7b7e7b4ea703700ce73ebf128e1450eb69c3a8329199ffbfb9b2a0418e5ad3"
dependencies = [
 "log",
 "pathfinder_simd",
]

[[package]]
name = "pathfinder_simd"
version = "0.5.2"
source = "registry+https://github.com/rust-lang/crates.io-index"
checksum = "0444332826c70dc47be74a7c6a5fc44e23a7905ad6858d4162b658320455ef93"
dependencies = [
 "rustc_version",
]

[[package]]
name = "pkg-config"
version = "0.3.28"
source = "registry+https://github.com/rust-lang/crates.io-index"
checksum = "69d3587f8a9e599cc7ec2c00e331f71c4e69a5f9a4b8a6efd5b07466b9736f9a"

[[package]]
name = "png"
version = "0.16.8"
source = "registry+https://github.com/rust-lang/crates.io-index"
checksum = "3c3287920cb847dee3de33d301c463fba14dda99db24214ddf93f83d3021f4c6"
dependencies = [
 "bitflags 1.3.2",
 "crc32fast",
 "deflate",
 "miniz_oxide 0.3.7",
]

[[package]]
name = "pocket-resources"
version = "0.3.2"
source = "registry+https://github.com/rust-lang/crates.io-index"
checksum = "c135f38778ad324d9e9ee68690bac2c1a51f340fdf96ca13e2ab3914eb2e51d8"

[[package]]
name = "proc-macro2"
version = "1.0.76"
source = "registry+https://github.com/rust-lang/crates.io-index"
checksum = "95fc56cda0b5c3325f5fbbd7ff9fda9e02bb00bb3dac51252d2f1bfa1cb8cc8c"
dependencies = [
 "unicode-ident",
]

[[package]]
name = "quote"
version = "1.0.35"
source = "registry+https://github.com/rust-lang/crates.io-index"
checksum = "291ec9ab5efd934aaf503a6466c5d5251535d108ee747472c3977cc5acc868ef"
dependencies = [
 "proc-macro2",
]

[[package]]
name = "radium"
version = "0.7.0"
source = "registry+https://github.com/rust-lang/crates.io-index"
checksum = "dc33ff2d4973d518d823d61aa239014831e521c75da58e3df4840d3f47749d09"

[[package]]
name = "rayon"
version = "1.8.0"
source = "registry+https://github.com/rust-lang/crates.io-index"
checksum = "9c27db03db7734835b3f53954b534c91069375ce6ccaa2e065441e07d9b6cdb1"
dependencies = [
 "either",
 "rayon-core",
]

[[package]]
name = "rayon-core"
version = "1.12.0"
source = "registry+https://github.com/rust-lang/crates.io-index"
checksum = "5ce3fb6ad83f861aac485e76e1985cd109d9a3713802152be56c3b1f0e0658ed"
dependencies = [
 "crossbeam-deque",
 "crossbeam-utils",
]

[[package]]
name = "redox_syscall"
version = "0.4.1"
source = "registry+https://github.com/rust-lang/crates.io-index"
checksum = "4722d768eff46b75989dd134e5c353f0d6296e5aaa3132e776cbdb56be7731aa"
dependencies = [
 "bitflags 1.3.2",
]

[[package]]
name = "redox_users"
version = "0.4.4"
source = "registry+https://github.com/rust-lang/crates.io-index"
checksum = "a18479200779601e498ada4e8c1e1f50e3ee19deb0259c25825a98b5603b2cb4"
dependencies = [
 "getrandom",
 "libredox",
 "thiserror",
]

[[package]]
name = "regex"
version = "1.10.2"
source = "registry+https://github.com/rust-lang/crates.io-index"
checksum = "380b951a9c5e80ddfd6136919eef32310721aa4aacd4889a8d39124b026ab343"
dependencies = [
 "aho-corasick",
 "memchr",
 "regex-automata",
 "regex-syntax",
]

[[package]]
name = "regex-automata"
version = "0.4.3"
source = "registry+https://github.com/rust-lang/crates.io-index"
checksum = "5f804c7828047e88b2d32e2d7fe5a105da8ee3264f01902f796c8e067dc2483f"
dependencies = [
 "aho-corasick",
 "memchr",
 "regex-syntax",
]

[[package]]
name = "regex-syntax"
version = "0.8.2"
source = "registry+https://github.com/rust-lang/crates.io-index"
checksum = "c08c74e62047bb2de4ff487b251e4a92e24f48745648451635cec7d591162d9f"

[[package]]
name = "roots"
version = "0.0.6"
source = "registry+https://github.com/rust-lang/crates.io-index"
checksum = "84348444bd7ad45729d0c49a4240d7cdc11c9d512c06c5ad1835c1ad4acda6db"

[[package]]
name = "rustc_version"
version = "0.4.0"
source = "registry+https://github.com/rust-lang/crates.io-index"
checksum = "bfa0f585226d2e68097d4f95d113b15b83a82e819ab25717ec0590d9584ef366"
dependencies = [
 "semver",
]

[[package]]
name = "rustix"
version = "0.38.30"
source = "registry+https://github.com/rust-lang/crates.io-index"
checksum = "322394588aaf33c24007e8bb3238ee3e4c5c09c084ab32bc73890b99ff326bca"
dependencies = [
 "bitflags 2.4.2",
 "errno",
 "libc",
 "linux-raw-sys",
 "windows-sys 0.52.0",
]

[[package]]
name = "rusttype"
version = "0.8.3"
source = "registry+https://github.com/rust-lang/crates.io-index"
checksum = "9f61411055101f7b60ecf1041d87fb74205fb20b0c7a723f07ef39174cf6b4c0"
dependencies = [
 "approx 0.3.2",
 "ordered-float",
 "stb_truetype",
]

[[package]]
name = "ryu"
version = "1.0.16"
source = "registry+https://github.com/rust-lang/crates.io-index"
checksum = "f98d2aa92eebf49b69786be48e4477826b256916e84a57ff2a4f21923b48eb4c"

[[package]]
name = "same-file"
version = "1.0.6"
source = "registry+https://github.com/rust-lang/crates.io-index"
checksum = "93fc1dc3aaa9bfed95e02e6eadabb4baf7e3078b0bd1b4d7b6b0b68378900502"
dependencies = [
 "winapi-util",
]

[[package]]
name = "scoped_threadpool"
version = "0.1.9"
source = "registry+https://github.com/rust-lang/crates.io-index"
checksum = "1d51f5df5af43ab3f1360b429fa5e0152ac5ce8c0bd6485cae490332e96846a8"

[[package]]
name = "semver"
version = "1.0.21"
source = "registry+https://github.com/rust-lang/crates.io-index"
checksum = "b97ed7a9823b74f99c7742f5336af7be5ecd3eeafcb1507d1fa93347b1d589b0"

[[package]]
name = "serde"
version = "1.0.195"
source = "registry+https://github.com/rust-lang/crates.io-index"
checksum = "63261df402c67811e9ac6def069e4786148c4563f4b50fd4bf30aa370d626b02"
dependencies = [
 "serde_derive",
]

[[package]]
name = "serde_derive"
version = "1.0.195"
source = "registry+https://github.com/rust-lang/crates.io-index"
checksum = "46fe8f8603d81ba86327b23a2e9cdf49e1255fb94a4c5f297f6ee0547178ea2c"
dependencies = [
 "proc-macro2",
 "quote",
 "syn",
]

[[package]]
name = "serde_json"
version = "1.0.111"
source = "registry+https://github.com/rust-lang/crates.io-index"
checksum = "176e46fa42316f18edd598015a5166857fc835ec732f5215eac6b7bdbf0a84f4"
dependencies = [
 "itoa",
 "ryu",
 "serde",
]

[[package]]
name = "sill"
version = "0.1.1"
dependencies = [
 "anyhow",
 "armrest",
 "clap",
 "font-kit",
 "itertools 0.10.5",
 "once_cell",
 "pathfinder_geometry",
 "rusttype",
 "serde",
 "serde_json",
 "textwrap 0.15.2",
 "toml",
 "uuid",
 "xdg",
 "yeslogic-fontconfig-sys",
]

[[package]]
name = "smallvec"
version = "1.12.0"
source = "registry+https://github.com/rust-lang/crates.io-index"
checksum = "2593d31f82ead8df961d8bd23a64c2ccf2eb5dd34b0a34bfb4dd54011c72009e"

[[package]]
name = "smawk"
version = "0.3.2"
source = "registry+https://github.com/rust-lang/crates.io-index"
checksum = "b7c388c1b5e93756d0c740965c41e8822f866621d41acbdf6336a6a168f8840c"

[[package]]
name = "stb_truetype"
version = "0.3.1"
source = "registry+https://github.com/rust-lang/crates.io-index"
checksum = "f77b6b07e862c66a9f3e62a07588fee67cd90a9135a2b942409f195507b4fb51"
dependencies = [
 "byteorder",
]

[[package]]
name = "strsim"
version = "0.10.0"
source = "registry+https://github.com/rust-lang/crates.io-index"
checksum = "73473c0e59e6d5812c5dfe2a064a6444949f089e20eec9a2e5506596494e4623"

[[package]]
name = "syn"
version = "2.0.48"
source = "registry+https://github.com/rust-lang/crates.io-index"
checksum = "0f3531638e407dfc0814761abb7c00a5b54992b849452a0646b7f65c9f770f3f"
dependencies = [
 "proc-macro2",
 "quote",
 "unicode-ident",
]

[[package]]
name = "tap"
version = "1.0.1"
source = "registry+https://github.com/rust-lang/crates.io-index"
checksum = "55937e1799185b12863d447f42597ed69d9928686b8d88a1df17376a097d8369"

[[package]]
name = "termcolor"
version = "1.4.1"
source = "registry+https://github.com/rust-lang/crates.io-index"
checksum = "06794f8f6c5c898b3275aebefa6b8a1cb24cd2c6c79397ab15774837a0bc5755"
dependencies = [
 "winapi-util",
]

[[package]]
name = "textwrap"
version = "0.13.4"
source = "registry+https://github.com/rust-lang/crates.io-index"
checksum = "cd05616119e612a8041ef58f2b578906cc2531a6069047ae092cfb86a325d835"
dependencies = [
 "smawk",
 "unicode-width",
]

[[package]]
name = "textwrap"
version = "0.15.2"
source = "registry+https://github.com/rust-lang/crates.io-index"
checksum = "b7b3e525a49ec206798b40326a44121291b530c963cfb01018f63e135bac543d"
dependencies = [
 "smawk",
 "unicode-linebreak",
 "unicode-width",
]

[[package]]
name = "textwrap"
version = "0.16.0"
source = "registry+https://github.com/rust-lang/crates.io-index"
checksum = "222a222a5bfe1bba4a77b45ec488a741b3cb8872e5e499451fd7d0129c9c7c3d"

[[package]]
name = "thiserror"
version = "1.0.56"
source = "registry+https://github.com/rust-lang/crates.io-index"
checksum = "d54378c645627613241d077a3a79db965db602882668f9136ac42af9ecb730ad"
dependencies = [
 "thiserror-impl",
]

[[package]]
name = "thiserror-impl"
version = "1.0.56"
source = "registry+https://github.com/rust-lang/crates.io-index"
checksum = "fa0faa943b50f3db30a20aa7e265dbc66076993efed8463e8de414e5d06d3471"
dependencies = [
 "proc-macro2",
 "quote",
 "syn",
]

[[package]]
name = "tiff"
version = "0.6.1"
source = "registry+https://github.com/rust-lang/crates.io-index"
checksum = "9a53f4706d65497df0c4349241deddf35f84cee19c87ed86ea8ca590f4464437"
dependencies = [
 "jpeg-decoder",
 "miniz_oxide 0.4.4",
 "weezl",
]

[[package]]
name = "toml"
version = "0.5.11"
source = "registry+https://github.com/rust-lang/crates.io-index"
checksum = "f4f7f0dd8d50a853a531c426359045b1998f04219d88799810762cd4ad314234"
dependencies = [
 "serde",
]

[[package]]
name = "unicode-ident"
version = "1.0.12"
source = "registry+https://github.com/rust-lang/crates.io-index"
checksum = "3354b9ac3fae1ff6755cb6db53683adb661634f67557942dea4facebec0fee4b"

[[package]]
name = "unicode-linebreak"
version = "0.1.5"
source = "registry+https://github.com/rust-lang/crates.io-index"
checksum = "3b09c83c3c29d37506a3e260c08c03743a6bb66a9cd432c6934ab501a190571f"

[[package]]
name = "unicode-width"
version = "0.1.11"
source = "registry+https://github.com/rust-lang/crates.io-index"
checksum = "e51733f11c9c4f72aa0c160008246859e340b00807569a0da0e7a1079b27ba85"

[[package]]
name = "uuid"
version = "0.8.2"
source = "registry+https://github.com/rust-lang/crates.io-index"
checksum = "bc5cf98d8186244414c848017f0e2676b3fcb46807f6668a97dfe67359a3c4b7"
dependencies = [
 "getrandom",
]

[[package]]
name = "walkdir"
version = "2.4.0"
source = "registry+https://github.com/rust-lang/crates.io-index"
checksum = "d71d857dc86794ca4c280d616f7da00d2dbfd8cd788846559a6813e6aa4b54ee"
dependencies = [
 "same-file",
 "winapi-util",
]

[[package]]
name = "wasi"
version = "0.11.0+wasi-snapshot-preview1"
source = "registry+https://github.com/rust-lang/crates.io-index"
checksum = "9c8d87e72b64a3b4db28d11ce29237c246188f4f51057d65a7eab63b7987e423"

[[package]]
name = "weezl"
version = "0.1.7"
source = "registry+https://github.com/rust-lang/crates.io-index"
checksum = "9193164d4de03a926d909d3bc7c30543cecb35400c02114792c2cae20d5e2dbb"

[[package]]
name = "winapi"
version = "0.3.9"
source = "registry+https://github.com/rust-lang/crates.io-index"
checksum = "5c839a674fcd7a98952e593242ea400abe93992746761e38641405d28b00f419"
dependencies = [
 "winapi-i686-pc-windows-gnu",
 "winapi-x86_64-pc-windows-gnu",
]

[[package]]
name = "winapi-i686-pc-windows-gnu"
version = "0.4.0"
source = "registry+https://github.com/rust-lang/crates.io-index"
checksum = "ac3b87c63620426dd9b991e5ce0329eff545bccbbb34f3be09ff6fb6ab51b7b6"

[[package]]
name = "winapi-util"
version = "0.1.6"
source = "registry+https://github.com/rust-lang/crates.io-index"
checksum = "f29e6f9198ba0d26b4c9f07dbe6f9ed633e1f3d5b8b414090084349e46a52596"
dependencies = [
 "winapi",
]

[[package]]
name = "winapi-x86_64-pc-windows-gnu"
version = "0.4.0"
source = "registry+https://github.com/rust-lang/crates.io-index"
checksum = "712e227841d057c1ee1cd2fb22fa7e5a5461ae8e48fa2ca79ec42cfc1931183f"

[[package]]
name = "windows-sys"
version = "0.48.0"
source = "registry+https://github.com/rust-lang/crates.io-index"
checksum = "677d2418bec65e3338edb076e806bc1ec15693c5d0104683f2efe857f61056a9"
dependencies = [
 "windows-targets 0.48.5",
]

[[package]]
name = "windows-sys"
version = "0.52.0"
source = "registry+https://github.com/rust-lang/crates.io-index"
checksum = "282be5f36a8ce781fad8c8ae18fa3f9beff57ec1b52cb3de0789201425d9a33d"
dependencies = [
 "windows-targets 0.52.0",
]

[[package]]
name = "windows-targets"
version = "0.48.5"
source = "registry+https://github.com/rust-lang/crates.io-index"
checksum = "9a2fa6e2155d7247be68c096456083145c183cbbbc2764150dda45a87197940c"
dependencies = [
 "windows_aarch64_gnullvm 0.48.5",
 "windows_aarch64_msvc 0.48.5",
 "windows_i686_gnu 0.48.5",
 "windows_i686_msvc 0.48.5",
 "windows_x86_64_gnu 0.48.5",
 "windows_x86_64_gnullvm 0.48.5",
 "windows_x86_64_msvc 0.48.5",
]

[[package]]
name = "windows-targets"
version = "0.52.0"
source = "registry+https://github.com/rust-lang/crates.io-index"
checksum = "8a18201040b24831fbb9e4eb208f8892e1f50a37feb53cc7ff887feb8f50e7cd"
dependencies = [
 "windows_aarch64_gnullvm 0.52.0",
 "windows_aarch64_msvc 0.52.0",
 "windows_i686_gnu 0.52.0",
 "windows_i686_msvc 0.52.0",
 "windows_x86_64_gnu 0.52.0",
 "windows_x86_64_gnullvm 0.52.0",
 "windows_x86_64_msvc 0.52.0",
]

[[package]]
name = "windows_aarch64_gnullvm"
version = "0.48.5"
source = "registry+https://github.com/rust-lang/crates.io-index"
checksum = "2b38e32f0abccf9987a4e3079dfb67dcd799fb61361e53e2882c3cbaf0d905d8"

[[package]]
name = "windows_aarch64_gnullvm"
version = "0.52.0"
source = "registry+https://github.com/rust-lang/crates.io-index"
checksum = "cb7764e35d4db8a7921e09562a0304bf2f93e0a51bfccee0bd0bb0b666b015ea"

[[package]]
name = "windows_aarch64_msvc"
version = "0.48.5"
source = "registry+https://github.com/rust-lang/crates.io-index"
checksum = "dc35310971f3b2dbbf3f0690a219f40e2d9afcf64f9ab7cc1be722937c26b4bc"

[[package]]
name = "windows_aarch64_msvc"
version = "0.52.0"
source = "registry+https://github.com/rust-lang/crates.io-index"
checksum = "bbaa0368d4f1d2aaefc55b6fcfee13f41544ddf36801e793edbbfd7d7df075ef"

[[package]]
name = "windows_i686_gnu"
version = "0.48.5"
source = "registry+https://github.com/rust-lang/crates.io-index"
checksum = "a75915e7def60c94dcef72200b9a8e58e5091744960da64ec734a6c6e9b3743e"

[[package]]
name = "windows_i686_gnu"
version = "0.52.0"
source = "registry+https://github.com/rust-lang/crates.io-index"
checksum = "a28637cb1fa3560a16915793afb20081aba2c92ee8af57b4d5f28e4b3e7df313"

[[package]]
name = "windows_i686_msvc"
version = "0.48.5"
source = "registry+https://github.com/rust-lang/crates.io-index"
checksum = "8f55c233f70c4b27f66c523580f78f1004e8b5a8b659e05a4eb49d4166cca406"

[[package]]
name = "windows_i686_msvc"
version = "0.52.0"
source = "registry+https://github.com/rust-lang/crates.io-index"
checksum = "ffe5e8e31046ce6230cc7215707b816e339ff4d4d67c65dffa206fd0f7aa7b9a"

[[package]]
name = "windows_x86_64_gnu"
version = "0.48.5"
source = "registry+https://github.com/rust-lang/crates.io-index"
checksum = "53d40abd2583d23e4718fddf1ebec84dbff8381c07cae67ff7768bbf19c6718e"

[[package]]
name = "windows_x86_64_gnu"
version = "0.52.0"
source = "registry+https://github.com/rust-lang/crates.io-index"
checksum = "3d6fa32db2bc4a2f5abeacf2b69f7992cd09dca97498da74a151a3132c26befd"

[[package]]
name = "windows_x86_64_gnullvm"
version = "0.48.5"
source = "registry+https://github.com/rust-lang/crates.io-index"
checksum = "0b7b52767868a23d5bab768e390dc5f5c55825b6d30b86c844ff2dc7414044cc"

[[package]]
name = "windows_x86_64_gnullvm"
version = "0.52.0"
source = "registry+https://github.com/rust-lang/crates.io-index"
checksum = "1a657e1e9d3f514745a572a6846d3c7aa7dbe1658c056ed9c3344c4109a6949e"

[[package]]
name = "windows_x86_64_msvc"
version = "0.48.5"
source = "registry+https://github.com/rust-lang/crates.io-index"
checksum = "ed94fce61571a4006852b7389a063ab983c02eb1bb37b47f8272ce92d06d9538"

[[package]]
name = "windows_x86_64_msvc"
version = "0.52.0"
source = "registry+https://github.com/rust-lang/crates.io-index"
checksum = "dff9641d1cd4be8d1a070daf9e3773c5f67e78b4d9d42263020c057706765c04"

[[package]]
name = "wio"
version = "0.2.2"
source = "registry+https://github.com/rust-lang/crates.io-index"
checksum = "5d129932f4644ac2396cb456385cbf9e63b5b30c6e8dc4820bdca4eb082037a5"
dependencies = [
 "winapi",
]

[[package]]
name = "wyz"
version = "0.5.1"
source = "registry+https://github.com/rust-lang/crates.io-index"
checksum = "05f360fc0b24296329c78fda852a1e9ae82de9cf7b27dae4b7f62f118f77b9ed"
dependencies = [
 "tap",
]

[[package]]
name = "xdg"
version = "2.5.2"
source = "registry+https://github.com/rust-lang/crates.io-index"
checksum = "213b7324336b53d2414b2db8537e56544d981803139155afa84f76eeebb7a546"

[[package]]
name = "yeslogic-fontconfig-sys"
version = "5.0.0"
source = "registry+https://github.com/rust-lang/crates.io-index"
checksum = "ffb6b23999a8b1a997bf47c7bb4d19ad4029c3327bb3386ebe0a5ff584b33c7a"
dependencies = [
 "cstr",
 "dlib",
 "once_cell",
 "pkg-config",
]
